// !$*UTF8*$!
{
	archiveVersion = 1;
	classes = {
	};
	objectVersion = 51;
	objects = {

/* Begin PBXBuildFile section */
		08F4E1F42618DAD20068347D /* AppDelegate.swift in Sources */ = {isa = PBXBuildFile; fileRef = 08F4E1F32618DAD20068347D /* AppDelegate.swift */; };
		08F4E1F62618DAD20068347D /* SceneDelegate.swift in Sources */ = {isa = PBXBuildFile; fileRef = 08F4E1F52618DAD20068347D /* SceneDelegate.swift */; };
		08F4E1F82618DAD20068347D /* ViewController.swift in Sources */ = {isa = PBXBuildFile; fileRef = 08F4E1F72618DAD20068347D /* ViewController.swift */; };
		08F4E1FB2618DAD20068347D /* Main.storyboard in Resources */ = {isa = PBXBuildFile; fileRef = 08F4E1F92618DAD20068347D /* Main.storyboard */; };
		08F4E1FD2618DAD70068347D /* Assets.xcassets in Resources */ = {isa = PBXBuildFile; fileRef = 08F4E1FC2618DAD70068347D /* Assets.xcassets */; };
		08F4E2002618DAD70068347D /* LaunchScreen.storyboard in Resources */ = {isa = PBXBuildFile; fileRef = 08F4E1FE2618DAD70068347D /* LaunchScreen.storyboard */; };
		08F4E2152618DE5B0068347D /* HttpClient.swift in Sources */ = {isa = PBXBuildFile; fileRef = 08F4E2142618DE5B0068347D /* HttpClient.swift */; };
		08F4E2182618DEA20068347D /* Endpoint.swift in Sources */ = {isa = PBXBuildFile; fileRef = 08F4E2172618DEA20068347D /* Endpoint.swift */; };
		08F4E21F2618E0340068347D /* Response.swift in Sources */ = {isa = PBXBuildFile; fileRef = 08F4E21E2618E0340068347D /* Response.swift */; };
		C9FDA81CA9218D72B961EF36 /* Pods_test_task.framework in Frameworks */ = {isa = PBXBuildFile; fileRef = 49E21DC33B703BE63862916D /* Pods_test_task.framework */; };
/* End PBXBuildFile section */

/* Begin PBXFileReference section */
		08F4E1F02618DAD20068347D /* test task.app */ = {isa = PBXFileReference; explicitFileType = wrapper.application; includeInIndex = 0; path = "test task.app"; sourceTree = BUILT_PRODUCTS_DIR; };
		08F4E1F32618DAD20068347D /* AppDelegate.swift */ = {isa = PBXFileReference; lastKnownFileType = sourcecode.swift; path = AppDelegate.swift; sourceTree = "<group>"; };
		08F4E1F52618DAD20068347D /* SceneDelegate.swift */ = {isa = PBXFileReference; lastKnownFileType = sourcecode.swift; path = SceneDelegate.swift; sourceTree = "<group>"; };
		08F4E1F72618DAD20068347D /* ViewController.swift */ = {isa = PBXFileReference; lastKnownFileType = sourcecode.swift; path = ViewController.swift; sourceTree = "<group>"; };
		08F4E1FA2618DAD20068347D /* Base */ = {isa = PBXFileReference; lastKnownFileType = file.storyboard; name = Base; path = Base.lproj/Main.storyboard; sourceTree = "<group>"; };
		08F4E1FC2618DAD70068347D /* Assets.xcassets */ = {isa = PBXFileReference; lastKnownFileType = folder.assetcatalog; path = Assets.xcassets; sourceTree = "<group>"; };
		08F4E1FF2618DAD70068347D /* Base */ = {isa = PBXFileReference; lastKnownFileType = file.storyboard; name = Base; path = Base.lproj/LaunchScreen.storyboard; sourceTree = "<group>"; };
		08F4E2012618DAD70068347D /* Info.plist */ = {isa = PBXFileReference; lastKnownFileType = text.plist.xml; path = Info.plist; sourceTree = "<group>"; };
		08F4E2142618DE5B0068347D /* HttpClient.swift */ = {isa = PBXFileReference; lastKnownFileType = sourcecode.swift; path = HttpClient.swift; sourceTree = "<group>"; };
		08F4E2172618DEA20068347D /* Endpoint.swift */ = {isa = PBXFileReference; lastKnownFileType = sourcecode.swift; path = Endpoint.swift; sourceTree = "<group>"; };
		08F4E21E2618E0340068347D /* Response.swift */ = {isa = PBXFileReference; lastKnownFileType = sourcecode.swift; path = Response.swift; sourceTree = "<group>"; };
		49E21DC33B703BE63862916D /* Pods_test_task.framework */ = {isa = PBXFileReference; explicitFileType = wrapper.framework; includeInIndex = 0; path = Pods_test_task.framework; sourceTree = BUILT_PRODUCTS_DIR; };
		7E29DD7262D244DBDE3BE24A /* Pods-test task.debug.xcconfig */ = {isa = PBXFileReference; includeInIndex = 1; lastKnownFileType = text.xcconfig; name = "Pods-test task.debug.xcconfig"; path = "Target Support Files/Pods-test task/Pods-test task.debug.xcconfig"; sourceTree = "<group>"; };
		B9D97EE7A61C427FAEF12B18 /* Pods-test task.release.xcconfig */ = {isa = PBXFileReference; includeInIndex = 1; lastKnownFileType = text.xcconfig; name = "Pods-test task.release.xcconfig"; path = "Target Support Files/Pods-test task/Pods-test task.release.xcconfig"; sourceTree = "<group>"; };
/* End PBXFileReference section */

/* Begin PBXFrameworksBuildPhase section */
		08F4E1ED2618DAD20068347D /* Frameworks */ = {
			isa = PBXFrameworksBuildPhase;
			buildActionMask = 2147483647;
			files = (
				C9FDA81CA9218D72B961EF36 /* Pods_test_task.framework in Frameworks */,
			);
			runOnlyForDeploymentPostprocessing = 0;
		};
/* End PBXFrameworksBuildPhase section */

/* Begin PBXGroup section */
		08F4E1E72618DAD20068347D = {
			isa = PBXGroup;
			children = (
				08F4E1F22618DAD20068347D /* test task */,
				08F4E1F12618DAD20068347D /* Products */,
				4D854B1F4CA07ED985B18279 /* Pods */,
				18F5A0AD474F4DB496D831EB /* Frameworks */,
			);
			sourceTree = "<group>";
		};
		08F4E1F12618DAD20068347D /* Products */ = {
			isa = PBXGroup;
			children = (
				08F4E1F02618DAD20068347D /* test task.app */,
			);
			name = Products;
			sourceTree = "<group>";
		};
		08F4E1F22618DAD20068347D /* test task */ = {
			isa = PBXGroup;
			children = (
				08F4E2122618DE000068347D /* Helpers */,
				08F4E2112618DDE80068347D /* Network */,
				08F4E20F2618DDDE0068347D /* Model */,
				08F4E20E2618DDD50068347D /* View */,
				08F4E1F32618DAD20068347D /* AppDelegate.swift */,
				08F4E1F52618DAD20068347D /* SceneDelegate.swift */,
				08F4E1F72618DAD20068347D /* ViewController.swift */,
				08F4E1F92618DAD20068347D /* Main.storyboard */,
				08F4E1FC2618DAD70068347D /* Assets.xcassets */,
				08F4E1FE2618DAD70068347D /* LaunchScreen.storyboard */,
				08F4E2012618DAD70068347D /* Info.plist */,
			);
			path = "test task";
			sourceTree = "<group>";
		};
		08F4E20E2618DDD50068347D /* View */ = {
			isa = PBXGroup;
			children = (
			);
			path = View;
			sourceTree = "<group>";
		};
		08F4E20F2618DDDE0068347D /* Model */ = {
			isa = PBXGroup;
			children = (
			);
			path = Model;
			sourceTree = "<group>";
		};
		08F4E2112618DDE80068347D /* Network */ = {
			isa = PBXGroup;
			children = (
				08F4E2142618DE5B0068347D /* HttpClient.swift */,
				08F4E2172618DEA20068347D /* Endpoint.swift */,
				08F4E21E2618E0340068347D /* Response.swift */,
			);
			path = Network;
			sourceTree = "<group>";
		};
		08F4E2122618DE000068347D /* Helpers */ = {
			isa = PBXGroup;
			children = (
				08F4E2132618DE070068347D /* Extensions */,
			);
			path = Helpers;
			sourceTree = "<group>";
		};
		08F4E2132618DE070068347D /* Extensions */ = {
			isa = PBXGroup;
			children = (
			);
			path = Extensions;
			sourceTree = "<group>";
		};
		18F5A0AD474F4DB496D831EB /* Frameworks */ = {
			isa = PBXGroup;
			children = (
				49E21DC33B703BE63862916D /* Pods_test_task.framework */,
			);
			name = Frameworks;
			sourceTree = "<group>";
		};
		4D854B1F4CA07ED985B18279 /* Pods */ = {
			isa = PBXGroup;
			children = (
				7E29DD7262D244DBDE3BE24A /* Pods-test task.debug.xcconfig */,
				B9D97EE7A61C427FAEF12B18 /* Pods-test task.release.xcconfig */,
			);
			path = Pods;
			sourceTree = "<group>";
		};
/* End PBXGroup section */

/* Begin PBXNativeTarget section */
		08F4E1EF2618DAD20068347D /* test task */ = {
			isa = PBXNativeTarget;
			buildConfigurationList = 08F4E2042618DAD70068347D /* Build configuration list for PBXNativeTarget "test task" */;
			buildPhases = (
				9B8A63CE03E962C22E13F4BD /* [CP] Check Pods Manifest.lock */,
				08F4E1EC2618DAD20068347D /* Sources */,
				08F4E1ED2618DAD20068347D /* Frameworks */,
				08F4E1EE2618DAD20068347D /* Resources */,
				2A79B0AC7C442DAF92B47FF4 /* [CP] Embed Pods Frameworks */,
			);
			buildRules = (
			);
			dependencies = (
			);
			name = "test task";
			productName = "test task";
			productReference = 08F4E1F02618DAD20068347D /* test task.app */;
			productType = "com.apple.product-type.application";
		};
/* End PBXNativeTarget section */

/* Begin PBXProject section */
		08F4E1E82618DAD20068347D /* Project object */ = {
			isa = PBXProject;
			attributes = {
				LastSwiftUpdateCheck = 1240;
				LastUpgradeCheck = 1240;
				TargetAttributes = {
					08F4E1EF2618DAD20068347D = {
						CreatedOnToolsVersion = 12.4;
					};
				};
			};
			buildConfigurationList = 08F4E1EB2618DAD20068347D /* Build configuration list for PBXProject "test task" */;
			compatibilityVersion = "Xcode 9.3";
			developmentRegion = en;
			hasScannedForEncodings = 0;
			knownRegions = (
				en,
				Base,
			);
			mainGroup = 08F4E1E72618DAD20068347D;
			productRefGroup = 08F4E1F12618DAD20068347D /* Products */;
			projectDirPath = "";
			projectRoot = "";
			targets = (
				08F4E1EF2618DAD20068347D /* test task */,
			);
		};
/* End PBXProject section */

/* Begin PBXResourcesBuildPhase section */
		08F4E1EE2618DAD20068347D /* Resources */ = {
			isa = PBXResourcesBuildPhase;
			buildActionMask = 2147483647;
			files = (
				08F4E2002618DAD70068347D /* LaunchScreen.storyboard in Resources */,
				08F4E1FD2618DAD70068347D /* Assets.xcassets in Resources */,
				08F4E1FB2618DAD20068347D /* Main.storyboard in Resources */,
			);
			runOnlyForDeploymentPostprocessing = 0;
		};
/* End PBXResourcesBuildPhase section */

/* Begin PBXShellScriptBuildPhase section */
		2A79B0AC7C442DAF92B47FF4 /* [CP] Embed Pods Frameworks */ = {
			isa = PBXShellScriptBuildPhase;
			buildActionMask = 2147483647;
			files = (
			);
			inputFileListPaths = (
				"${PODS_ROOT}/Target Support Files/Pods-test task/Pods-test task-frameworks-${CONFIGURATION}-input-files.xcfilelist",
			);
			name = "[CP] Embed Pods Frameworks";
			outputFileListPaths = (
				"${PODS_ROOT}/Target Support Files/Pods-test task/Pods-test task-frameworks-${CONFIGURATION}-output-files.xcfilelist",
			);
			runOnlyForDeploymentPostprocessing = 0;
			shellPath = /bin/sh;
			shellScript = "\"${PODS_ROOT}/Target Support Files/Pods-test task/Pods-test task-frameworks.sh\"\n";
			showEnvVarsInLog = 0;
		};
		9B8A63CE03E962C22E13F4BD /* [CP] Check Pods Manifest.lock */ = {
			isa = PBXShellScriptBuildPhase;
			buildActionMask = 2147483647;
			files = (
			);
			inputFileListPaths = (
			);
			inputPaths = (
				"${PODS_PODFILE_DIR_PATH}/Podfile.lock",
				"${PODS_ROOT}/Manifest.lock",
			);
			name = "[CP] Check Pods Manifest.lock";
			outputFileListPaths = (
			);
			outputPaths = (
				"$(DERIVED_FILE_DIR)/Pods-test task-checkManifestLockResult.txt",
			);
			runOnlyForDeploymentPostprocessing = 0;
			shellPath = /bin/sh;
			shellScript = "diff \"${PODS_PODFILE_DIR_PATH}/Podfile.lock\" \"${PODS_ROOT}/Manifest.lock\" > /dev/null\nif [ $? != 0 ] ; then\n    # print error to STDERR\n    echo \"error: The sandbox is not in sync with the Podfile.lock. Run 'pod install' or update your CocoaPods installation.\" >&2\n    exit 1\nfi\n# This output is used by Xcode 'outputs' to avoid re-running this script phase.\necho \"SUCCESS\" > \"${SCRIPT_OUTPUT_FILE_0}\"\n";
			showEnvVarsInLog = 0;
		};
/* End PBXShellScriptBuildPhase section */

/* Begin PBXSourcesBuildPhase section */
		08F4E1EC2618DAD20068347D /* Sources */ = {
			isa = PBXSourcesBuildPhase;
			buildActionMask = 2147483647;
			files = (
				08F4E1F82618DAD20068347D /* ViewController.swift in Sources */,
				08F4E1F42618DAD20068347D /* AppDelegate.swift in Sources */,
				08F4E2152618DE5B0068347D /* HttpClient.swift in Sources */,
				08F4E1F62618DAD20068347D /* SceneDelegate.swift in Sources */,
				08F4E21F2618E0340068347D /* Response.swift in Sources */,
				08F4E2182618DEA20068347D /* Endpoint.swift in Sources */,
			);
			runOnlyForDeploymentPostprocessing = 0;
		};
/* End PBXSourcesBuildPhase section */

/* Begin PBXVariantGroup section */
		08F4E1F92618DAD20068347D /* Main.storyboard */ = {
			isa = PBXVariantGroup;
			children = (
				08F4E1FA2618DAD20068347D /* Base */,
			);
			name = Main.storyboard;
			sourceTree = "<group>";
		};
		08F4E1FE2618DAD70068347D /* LaunchScreen.storyboard */ = {
			isa = PBXVariantGroup;
			children = (
				08F4E1FF2618DAD70068347D /* Base */,
			);
			name = LaunchScreen.storyboard;
			sourceTree = "<group>";
		};
/* End PBXVariantGroup section */

/* Begin XCBuildConfiguration section */
		08F4E2022618DAD70068347D /* Debug */ = {
			isa = XCBuildConfiguration;
			buildSettings = {
				ALWAYS_SEARCH_USER_PATHS = NO;
				CLANG_ANALYZER_NONNULL = YES;
				CLANG_ANALYZER_NUMBER_OBJECT_CONVERSION = YES_AGGRESSIVE;
				CLANG_CXX_LANGUAGE_STANDARD = "gnu++14";
				CLANG_CXX_LIBRARY = "libc++";
				CLANG_ENABLE_MODULES = YES;
				CLANG_ENABLE_OBJC_ARC = YES;
				CLANG_ENABLE_OBJC_WEAK = YES;
				CLANG_WARN_BLOCK_CAPTURE_AUTORELEASING = YES;
				CLANG_WARN_BOOL_CONVERSION = YES;
				CLANG_WARN_COMMA = YES;
				CLANG_WARN_CONSTANT_CONVERSION = YES;
				CLANG_WARN_DEPRECATED_OBJC_IMPLEMENTATIONS = YES;
				CLANG_WARN_DIRECT_OBJC_ISA_USAGE = YES_ERROR;
				CLANG_WARN_DOCUMENTATION_COMMENTS = YES;
				CLANG_WARN_EMPTY_BODY = YES;
				CLANG_WARN_ENUM_CONVERSION = YES;
				CLANG_WARN_INFINITE_RECURSION = YES;
				CLANG_WARN_INT_CONVERSION = YES;
				CLANG_WARN_NON_LITERAL_NULL_CONVERSION = YES;
				CLANG_WARN_OBJC_IMPLICIT_RETAIN_SELF = YES;
				CLANG_WARN_OBJC_LITERAL_CONVERSION = YES;
				CLANG_WARN_OBJC_ROOT_CLASS = YES_ERROR;
				CLANG_WARN_QUOTED_INCLUDE_IN_FRAMEWORK_HEADER = YES;
				CLANG_WARN_RANGE_LOOP_ANALYSIS = YES;
				CLANG_WARN_STRICT_PROTOTYPES = YES;
				CLANG_WARN_SUSPICIOUS_MOVE = YES;
				CLANG_WARN_UNGUARDED_AVAILABILITY = YES_AGGRESSIVE;
				CLANG_WARN_UNREACHABLE_CODE = YES;
				CLANG_WARN__DUPLICATE_METHOD_MATCH = YES;
				COPY_PHASE_STRIP = NO;
				DEBUG_INFORMATION_FORMAT = dwarf;
				ENABLE_STRICT_OBJC_MSGSEND = YES;
				ENABLE_TESTABILITY = YES;
				GCC_C_LANGUAGE_STANDARD = gnu11;
				GCC_DYNAMIC_NO_PIC = NO;
				GCC_NO_COMMON_BLOCKS = YES;
				GCC_OPTIMIZATION_LEVEL = 0;
				GCC_PREPROCESSOR_DEFINITIONS = (
					"DEBUG=1",
					"$(inherited)",
				);
				GCC_WARN_64_TO_32_BIT_CONVERSION = YES;
				GCC_WARN_ABOUT_RETURN_TYPE = YES_ERROR;
				GCC_WARN_UNDECLARED_SELECTOR = YES;
				GCC_WARN_UNINITIALIZED_AUTOS = YES_AGGRESSIVE;
				GCC_WARN_UNUSED_FUNCTION = YES;
				GCC_WARN_UNUSED_VARIABLE = YES;
				IPHONEOS_DEPLOYMENT_TARGET = 14.4;
				MTL_ENABLE_DEBUG_INFO = INCLUDE_SOURCE;
				MTL_FAST_MATH = YES;
				ONLY_ACTIVE_ARCH = YES;
				SDKROOT = iphoneos;
				SWIFT_ACTIVE_COMPILATION_CONDITIONS = DEBUG;
				SWIFT_OPTIMIZATION_LEVEL = "-Onone";
			};
			name = Debug;
		};
		08F4E2032618DAD70068347D /* Release */ = {
			isa = XCBuildConfiguration;
			buildSettings = {
				ALWAYS_SEARCH_USER_PATHS = NO;
				CLANG_ANALYZER_NONNULL = YES;
				CLANG_ANALYZER_NUMBER_OBJECT_CONVERSION = YES_AGGRESSIVE;
				CLANG_CXX_LANGUAGE_STANDARD = "gnu++14";
				CLANG_CXX_LIBRARY = "libc++";
				CLANG_ENABLE_MODULES = YES;
				CLANG_ENABLE_OBJC_ARC = YES;
				CLANG_ENABLE_OBJC_WEAK = YES;
				CLANG_WARN_BLOCK_CAPTURE_AUTORELEASING = YES;
				CLANG_WARN_BOOL_CONVERSION = YES;
				CLANG_WARN_COMMA = YES;
				CLANG_WARN_CONSTANT_CONVERSION = YES;
				CLANG_WARN_DEPRECATED_OBJC_IMPLEMENTATIONS = YES;
				CLANG_WARN_DIRECT_OBJC_ISA_USAGE = YES_ERROR;
				CLANG_WARN_DOCUMENTATION_COMMENTS = YES;
				CLANG_WARN_EMPTY_BODY = YES;
				CLANG_WARN_ENUM_CONVERSION = YES;
				CLANG_WARN_INFINITE_RECURSION = YES;
				CLANG_WARN_INT_CONVERSION = YES;
				CLANG_WARN_NON_LITERAL_NULL_CONVERSION = YES;
				CLANG_WARN_OBJC_IMPLICIT_RETAIN_SELF = YES;
				CLANG_WARN_OBJC_LITERAL_CONVERSION = YES;
				CLANG_WARN_OBJC_ROOT_CLASS = YES_ERROR;
				CLANG_WARN_QUOTED_INCLUDE_IN_FRAMEWORK_HEADER = YES;
				CLANG_WARN_RANGE_LOOP_ANALYSIS = YES;
				CLANG_WARN_STRICT_PROTOTYPES = YES;
				CLANG_WARN_SUSPICIOUS_MOVE = YES;
				CLANG_WARN_UNGUARDED_AVAILABILITY = YES_AGGRESSIVE;
				CLANG_WARN_UNREACHABLE_CODE = YES;
				CLANG_WARN__DUPLICATE_METHOD_MATCH = YES;
				COPY_PHASE_STRIP = NO;
				DEBUG_INFORMATION_FORMAT = "dwarf-with-dsym";
				ENABLE_NS_ASSERTIONS = NO;
				ENABLE_STRICT_OBJC_MSGSEND = YES;
				GCC_C_LANGUAGE_STANDARD = gnu11;
				GCC_NO_COMMON_BLOCKS = YES;
				GCC_WARN_64_TO_32_BIT_CONVERSION = YES;
				GCC_WARN_ABOUT_RETURN_TYPE = YES_ERROR;
				GCC_WARN_UNDECLARED_SELECTOR = YES;
				GCC_WARN_UNINITIALIZED_AUTOS = YES_AGGRESSIVE;
				GCC_WARN_UNUSED_FUNCTION = YES;
				GCC_WARN_UNUSED_VARIABLE = YES;
				IPHONEOS_DEPLOYMENT_TARGET = 14.4;
				MTL_ENABLE_DEBUG_INFO = NO;
				MTL_FAST_MATH = YES;
				SDKROOT = iphoneos;
				SWIFT_COMPILATION_MODE = wholemodule;
				SWIFT_OPTIMIZATION_LEVEL = "-O";
				VALIDATE_PRODUCT = YES;
			};
			name = Release;
		};
		08F4E2052618DAD70068347D /* Debug */ = {
			isa = XCBuildConfiguration;
			baseConfigurationReference = 7E29DD7262D244DBDE3BE24A /* Pods-test task.debug.xcconfig */;
			buildSettings = {
				ASSETCATALOG_COMPILER_APPICON_NAME = AppIcon;
				ASSETCATALOG_COMPILER_GLOBAL_ACCENT_COLOR_NAME = AccentColor;
				CODE_SIGN_STYLE = Automatic;
				INFOPLIST_FILE = "test task/Info.plist";
				LD_RUNPATH_SEARCH_PATHS = (
					"$(inherited)",
					"@executable_path/Frameworks",
				);
				PRODUCT_BUNDLE_IDENTIFIER = "com.kabyier.test-task";
				PRODUCT_NAME = "$(TARGET_NAME)";
				SWIFT_VERSION = 5.0;
				TARGETED_DEVICE_FAMILY = "1,2";
			};
			name = Debug;
		};
		08F4E2062618DAD70068347D /* Release */ = {
			isa = XCBuildConfiguration;
			baseConfigurationReference = B9D97EE7A61C427FAEF12B18 /* Pods-test task.release.xcconfig */;
			buildSettings = {
				ASSETCATALOG_COMPILER_APPICON_NAME = AppIcon;
				ASSETCATALOG_COMPILER_GLOBAL_ACCENT_COLOR_NAME = AccentColor;
				CODE_SIGN_STYLE = Automatic;
				INFOPLIST_FILE = "test task/Info.plist";
				LD_RUNPATH_SEARCH_PATHS = (
					"$(inherited)",
					"@executable_path/Frameworks",
				);
				PRODUCT_BUNDLE_IDENTIFIER = "com.kabyier.test-task";
				PRODUCT_NAME = "$(TARGET_NAME)";
				SWIFT_VERSION = 5.0;
				TARGETED_DEVICE_FAMILY = "1,2";
			};
			name = Release;
		};
/* End XCBuildConfiguration section */

/* Begin XCConfigurationList section */
		08F4E1EB2618DAD20068347D /* Build configuration list for PBXProject "test task" */ = {
			isa = XCConfigurationList;
			buildConfigurations = (
				08F4E2022618DAD70068347D /* Debug */,
				08F4E2032618DAD70068347D /* Release */,
			);
			defaultConfigurationIsVisible = 0;
			defaultConfigurationName = Release;
		};
		08F4E2042618DAD70068347D /* Build configuration list for PBXNativeTarget "test task" */ = {
			isa = XCConfigurationList;
			buildConfigurations = (
				08F4E2052618DAD70068347D /* Debug */,
				08F4E2062618DAD70068347D /* Release */,
			);
			defaultConfigurationIsVisible = 0;
			defaultConfigurationName = Release;
		};
/* End XCConfigurationList section */
	};
	rootObject = 08F4E1E82618DAD20068347D /* Project object */;
}
